
Microsoft Visual Studio Solution File, Format Version 11.00
# Visual Studio 2010
Project("{FAE04EC0-301F-11D3-BF4B-00C04F79EFBC}") = "Unity.Timeline", "Unity.Timeline.csproj", "{fb382fed-cc0a-b95c-79c4-8fd8e35b104e}"
EndProject
Project("{FAE04EC0-301F-11D3-BF4B-00C04F79EFBC}") = "Unity.Timeline.Editor", "Unity.Timeline.Editor.csproj", "{3d8db69a-ca0b-cf2f-d0f0-826d1b647f40}"
EndProject
Project("{FAE04EC0-301F-11D3-BF4B-00C04F79EFBC}") = "Unity.TextMeshPro.Editor", "Unity.TextMeshPro.Editor.csproj", "{aeab8dcb-6709-a310-2d1d-663df46f1b41}"
EndProject
Project("{FAE04EC0-301F-11D3-BF4B-00C04F79EFBC}") = "Unity.VisualScripting.Flow", "Unity.VisualScripting.Flow.csproj", "{d394ae5e-dac1-0f8e-be81-adf2de5d5956}"
EndProject
Project("{FAE04EC0-301F-11D3-BF4B-00C04F79EFBC}") = "UnityEditor.UI", "UnityEditor.UI.csproj", "{2f8ea6fc-05f6-bacd-7e7d-33a29ceb9310}"
EndProject
Project("{FAE04EC0-301F-11D3-BF4B-00C04F79EFBC}") = "Unity.PlasticSCM.Editor", "Unity.PlasticSCM.Editor.csproj", "{bf2626b6-5f27-a0ab-b676-efbb9a99fd36}"
EndProject
Project("{FAE04EC0-301F-11D3-BF4B-00C04F79EFBC}") = "Unity.VisualScripting.Core", "Unity.VisualScripting.Core.csproj", "{737977bf-d386-a137-66b6-64fd7cf5a7cf}"
EndProject
Project("{FAE04EC0-301F-11D3-BF4B-00C04F79EFBC}") = "Unity.VisualScripting.Core.Editor", "Unity.VisualScripting.Core.Editor.csproj", "{0bba7b55-2b07-cb61-fd5f-f1259a8f67cd}"
EndProject
Project("{FAE04EC0-301F-11D3-BF4B-00C04F79EFBC}") = "Unity.VisualScripting.Flow.Editor", "Unity.VisualScripting.Flow.Editor.csproj", "{cf633cb0-dc08-3497-112c-771fac48f34f}"
EndProject
Project("{FAE04EC0-301F-11D3-BF4B-00C04F79EFBC}") = "UnityEditor.TestRunner", "UnityEditor.TestRunner.csproj", "{49ee5634-b49a-2eff-6ff0-09edb7629e40}"
EndProject
Project("{FAE04EC0-301F-11D3-BF4B-00C04F79EFBC}") = "Unity.VisualScripting.SettingsProvider.Editor", "Unity.VisualScripting.SettingsProvider.Editor.csproj", "{098ec0f1-710c-ee56-4953-0dd9735da727}"
EndProject
Project("{FAE04EC0-301F-11D3-BF4B-00C04F79EFBC}") = "UnityEngine.TestRunner", "UnityEngine.TestRunner.csproj", "{04c9fa37-016a-b0cd-e982-384b4a15eafe}"
EndProject
Project("{FAE04EC0-301F-11D3-BF4B-00C04F79EFBC}") = "UnityEngine.UI", "UnityEngine.UI.csproj", "{e0eeeaf3-846a-4aa6-0609-d419ace7d665}"
EndProject
Project("{FAE04EC0-301F-11D3-BF4B-00C04F79EFBC}") = "Unity.VisualStudio.Editor", "Unity.VisualStudio.Editor.csproj", "{3447f5e1-3ae0-b299-1953-171e10736ed8}"
EndProject
Project("{FAE04EC0-301F-11D3-BF4B-00C04F79EFBC}") = "Unity.TestTools.CodeCoverage.Editor.OpenCover.Model", "Unity.TestTools.CodeCoverage.Editor.OpenCover.Model.csproj", "{161df572-0f95-9365-2b29-194d66851d70}"
EndProject
Project("{FAE04EC0-301F-11D3-BF4B-00C04F79EFBC}") = "Unity.Rider.Editor", "Unity.Rider.Editor.csproj", "{0c03d2c0-b057-bda7-cc2f-411cea73c3b7}"
EndProject
Project("{FAE04EC0-301F-11D3-BF4B-00C04F79EFBC}") = "Unity.VisualScripting.State.Editor", "Unity.VisualScripting.State.Editor.csproj", "{b0afe002-05c7-3add-28da-9f123f13c09c}"
EndProject
Project("{FAE04EC0-301F-11D3-BF4B-00C04F79EFBC}") = "Unity.TestTools.CodeCoverage.Editor", "Unity.TestTools.CodeCoverage.Editor.csproj", "{6d4375d7-5aeb-e6ab-f250-618ce2d52560}"
EndProject
Project("{FAE04EC0-301F-11D3-BF4B-00C04F79EFBC}") = "Unity.VisualScripting.State", "Unity.VisualScripting.State.csproj", "{af5aaccb-97a1-e65e-fb11-3e7a5923c0d2}"
EndProject
Project("{FAE04EC0-301F-11D3-BF4B-00C04F79EFBC}") = "Unity.TextMeshPro", "Unity.TextMeshPro.csproj", "{b8494be2-0456-cfdb-821c-827f4ec7d8b5}"
EndProject
Project("{FAE04EC0-301F-11D3-BF4B-00C04F79EFBC}") = "Unity.Performance.Profile-Analyzer.Editor", "Unity.Performance.Profile-Analyzer.Editor.csproj", "{e7041605-039c-9314-51a2-e051560d86bf}"
EndProject
Project("{FAE04EC0-301F-11D3-BF4B-00C04F79EFBC}") = "Unity.VSCode.Editor", "Unity.VSCode.Editor.csproj", "{dd321465-e162-3d15-1ab2-052fa3d97ec4}"
EndProject
Project("{FAE04EC0-301F-11D3-BF4B-00C04F79EFBC}") = "Unity.TestTools.CodeCoverage.Editor.OpenCover.Mono.Reflection", "Unity.TestTools.CodeCoverage.Editor.OpenCover.Mono.Reflection.csproj", "{d1db55dd-000e-66b8-5217-3e5847a0bc31}"
EndProject
Project("{FAE04EC0-301F-11D3-BF4B-00C04F79EFBC}") = "Unity.Settings.Editor", "Unity.Settings.Editor.csproj", "{3c336e3a-9f22-40fa-79f8-04ef688b6bcb}"
EndProject
Project("{FAE04EC0-301F-11D3-BF4B-00C04F79EFBC}") = "Unity.EditorCoroutines.Editor", "Unity.EditorCoroutines.Editor.csproj", "{a3810bef-ffb7-23ce-d9aa-e40bffe5c452}"
EndProject
Project("{FAE04EC0-301F-11D3-BF4B-00C04F79EFBC}") = "Unity.VisualScripting.Shared.Editor", "Unity.VisualScripting.Shared.Editor.csproj", "{74ed203a-2877-b9d9-cf6c-60d7f7e6d53d}"
EndProject
Project("{FAE04EC0-301F-11D3-BF4B-00C04F79EFBC}") = "Unity.CollabProxy.Editor", "Unity.CollabProxy.Editor.csproj", "{779b9189-d877-91c6-b7d4-3b88cac7e57f}"
EndProject
Global
	GlobalSection(SolutionConfigurationPlatforms) = preSolution
		Debug|Any CPU = Debug|Any CPU
	EndGlobalSection
	GlobalSection(ProjectConfigurationPlatforms) = postSolution
		{fb382fed-cc0a-b95c-79c4-8fd8e35b104e}.Debug|Any CPU.ActiveCfg = Debug|Any CPU
		{fb382fed-cc0a-b95c-79c4-8fd8e35b104e}.Debug|Any CPU.Build.0 = Debug|Any CPU
		{3d8db69a-ca0b-cf2f-d0f0-826d1b647f40}.Debug|Any CPU.ActiveCfg = Debug|Any CPU
		{3d8db69a-ca0b-cf2f-d0f0-826d1b647f40}.Debug|Any CPU.Build.0 = Debug|Any CPU
		{aeab8dcb-6709-a310-2d1d-663df46f1b41}.Debug|Any CPU.ActiveCfg = Debug|Any CPU
		{aeab8dcb-6709-a310-2d1d-663df46f1b41}.Debug|Any CPU.Build.0 = Debug|Any CPU
		{d394ae5e-dac1-0f8e-be81-adf2de5d5956}.Debug|Any CPU.ActiveCfg = Debug|Any CPU
		{d394ae5e-dac1-0f8e-be81-adf2de5d5956}.Debug|Any CPU.Build.0 = Debug|Any CPU
		{2f8ea6fc-05f6-bacd-7e7d-33a29ceb9310}.Debug|Any CPU.ActiveCfg = Debug|Any CPU
		{2f8ea6fc-05f6-bacd-7e7d-33a29ceb9310}.Debug|Any CPU.Build.0 = Debug|Any CPU
		{bf2626b6-5f27-a0ab-b676-efbb9a99fd36}.Debug|Any CPU.ActiveCfg = Debug|Any CPU
		{bf2626b6-5f27-a0ab-b676-efbb9a99fd36}.Debug|Any CPU.Build.0 = Debug|Any CPU
		{737977bf-d386-a137-66b6-64fd7cf5a7cf}.Debug|Any CPU.ActiveCfg = Debug|Any CPU
		{737977bf-d386-a137-66b6-64fd7cf5a7cf}.Debug|Any CPU.Build.0 = Debug|Any CPU
		{0bba7b55-2b07-cb61-fd5f-f1259a8f67cd}.Debug|Any CPU.ActiveCfg = Debug|Any CPU
		{0bba7b55-2b07-cb61-fd5f-f1259a8f67cd}.Debug|Any CPU.Build.0 = Debug|Any CPU
		{cf633cb0-dc08-3497-112c-771fac48f34f}.Debug|Any CPU.ActiveCfg = Debug|Any CPU
		{cf633cb0-dc08-3497-112c-771fac48f34f}.Debug|Any CPU.Build.0 = Debug|Any CPU
		{49ee5634-b49a-2eff-6ff0-09edb7629e40}.Debug|Any CPU.ActiveCfg = Debug|Any CPU
		{49ee5634-b49a-2eff-6ff0-09edb7629e40}.Debug|Any CPU.Build.0 = Debug|Any CPU
		{098ec0f1-710c-ee56-4953-0dd9735da727}.Debug|Any CPU.ActiveCfg = Debug|Any CPU
		{098ec0f1-710c-ee56-4953-0dd9735da727}.Debug|Any CPU.Build.0 = Debug|Any CPU
		{04c9fa37-016a-b0cd-e982-384b4a15eafe}.Debug|Any CPU.ActiveCfg = Debug|Any CPU
		{04c9fa37-016a-b0cd-e982-384b4a15eafe}.Debug|Any CPU.Build.0 = Debug|Any CPU
		{e0eeeaf3-846a-4aa6-0609-d419ace7d665}.Debug|Any CPU.ActiveCfg = Debug|Any CPU
		{e0eeeaf3-846a-4aa6-0609-d419ace7d665}.Debug|Any CPU.Build.0 = Debug|Any CPU
		{3447f5e1-3ae0-b299-1953-171e10736ed8}.Debug|Any CPU.ActiveCfg = Debug|Any CPU
		{3447f5e1-3ae0-b299-1953-171e10736ed8}.Debug|Any CPU.Build.0 = Debug|Any CPU
		{161df572-0f95-9365-2b29-194d66851d70}.Debug|Any CPU.ActiveCfg = Debug|Any CPU
		{161df572-0f95-9365-2b29-194d66851d70}.Debug|Any CPU.Build.0 = Debug|Any CPU
		{0c03d2c0-b057-bda7-cc2f-411cea73c3b7}.Debug|Any CPU.ActiveCfg = Debug|Any CPU
		{0c03d2c0-b057-bda7-cc2f-411cea73c3b7}.Debug|Any CPU.Build.0 = Debug|Any CPU
		{b0afe002-05c7-3add-28da-9f123f13c09c}.Debug|Any CPU.ActiveCfg = Debug|Any CPU
		{b0afe002-05c7-3add-28da-9f123f13c09c}.Debug|Any CPU.Build.0 = Debug|Any CPU
		{6d4375d7-5aeb-e6ab-f250-618ce2d52560}.Debug|Any CPU.ActiveCfg = Debug|Any CPU
		{6d4375d7-5aeb-e6ab-f250-618ce2d52560}.Debug|Any CPU.Build.0 = Debug|Any CPU
		{af5aaccb-97a1-e65e-fb11-3e7a5923c0d2}.Debug|Any CPU.ActiveCfg = Debug|Any CPU
		{af5aaccb-97a1-e65e-fb11-3e7a5923c0d2}.Debug|Any CPU.Build.0 = Debug|Any CPU
		{b8494be2-0456-cfdb-821c-827f4ec7d8b5}.Debug|Any CPU.ActiveCfg = Debug|Any CPU
		{b8494be2-0456-cfdb-821c-827f4ec7d8b5}.Debug|Any CPU.Build.0 = Debug|Any CPU
		{e7041605-039c-9314-51a2-e051560d86bf}.Debug|Any CPU.ActiveCfg = Debug|Any CPU
		{e7041605-039c-9314-51a2-e051560d86bf}.Debug|Any CPU.Build.0 = Debug|Any CPU
		{dd321465-e162-3d15-1ab2-052fa3d97ec4}.Debug|Any CPU.ActiveCfg = Debug|Any CPU
		{dd321465-e162-3d15-1ab2-052fa3d97ec4}.Debug|Any CPU.Build.0 = Debug|Any CPU
		{d1db55dd-000e-66b8-5217-3e5847a0bc31}.Debug|Any CPU.ActiveCfg = Debug|Any CPU
		{d1db55dd-000e-66b8-5217-3e5847a0bc31}.Debug|Any CPU.Build.0 = Debug|Any CPU
		{3c336e3a-9f22-40fa-79f8-04ef688b6bcb}.Debug|Any CPU.ActiveCfg = Debug|Any CPU
		{3c336e3a-9f22-40fa-79f8-04ef688b6bcb}.Debug|Any CPU.Build.0 = Debug|Any CPU
		{a3810bef-ffb7-23ce-d9aa-e40bffe5c452}.Debug|Any CPU.ActiveCfg = Debug|Any CPU
		{a3810bef-ffb7-23ce-d9aa-e40bffe5c452}.Debug|Any CPU.Build.0 = Debug|Any CPU
		{74ed203a-2877-b9d9-cf6c-60d7f7e6d53d}.Debug|Any CPU.ActiveCfg = Debug|Any CPU
		{74ed203a-2877-b9d9-cf6c-60d7f7e6d53d}.Debug|Any CPU.Build.0 = Debug|Any CPU
		{779b9189-d877-91c6-b7d4-3b88cac7e57f}.Debug|Any CPU.ActiveCfg = Debug|Any CPU
		{779b9189-d877-91c6-b7d4-3b88cac7e57f}.Debug|Any CPU.Build.0 = Debug|Any CPU
	EndGlobalSection
	GlobalSection(SolutionProperties) = preSolution
		HideSolutionNode = FALSE
	EndGlobalSection
EndGlobal
